
Microsoft Visual Studio Solution File, Format Version 12.00
# Visual Studio Version 17
VisualStudioVersion = 17.14.36327.8 d17.14
MinimumVisualStudioVersion = 10.0.40219.1
Project("{FAE04EC0-301F-11D3-BF4B-00C04F79EFBC}") = "Plex2Pi", "Plex2Pi\Plex2Pi.csproj", "{955E6388-4309-487C-899B-1FB1BBC41997}"
EndProject
Global
	GlobalSection(SolutionConfigurationPlatforms) = preSolution
		Debug|Any CPU = Debug|Any CPU
		Release|Any CPU = Release|Any CPU
	EndGlobalSection
	GlobalSection(ProjectConfigurationPlatforms) = postSolution
		{955E6388-4309-487C-899B-1FB1BBC41997}.Debug|Any CPU.ActiveCfg = Debug|Any CPU
		{955E6388-4309-487C-899B-1FB1BBC41997}.Debug|Any CPU.Build.0 = Debug|Any CPU
		{955E6388-4309-487C-899B-1FB1BBC41997}.Release|Any CPU.ActiveCfg = Release|Any CPU
		{955E6388-4309-487C-899B-1FB1BBC41997}.Release|Any CPU.Build.0 = Release|Any CPU
	EndGlobalSection
	GlobalSection(SolutionProperties) = preSolution
		HideSolutionNode = FALSE
	EndGlobalSection
	GlobalSection(ExtensibilityGlobals) = postSolution
		SolutionGuid = {FBA02455-0CD6-43FA-B8F6-677368687921}
	EndGlobalSection
EndGlobal
